
Microsoft Visual Studio Solution File, Format Version 12.00
# Visual Studio 2012
Project("{FAE04EC0-301F-11D3-BF4B-00C04F79EFBC}") = "GUI for new lazer accelerameter encoder", "GUI for new lazer accelerameter encoder\GUI for new lazer accelerameter encoder.csproj", "{862D4983-D3B3-4EE0-892B-FEA73C7A23B5}"
EndProject
Global
	GlobalSection(SolutionConfigurationPlatforms) = preSolution
		Debug|Any CPU = Debug|Any CPU
		Release|Any CPU = Release|Any CPU
	EndGlobalSection
	GlobalSection(ProjectConfigurationPlatforms) = postSolution
		{862D4983-D3B3-4EE0-892B-FEA73C7A23B5}.Debug|Any CPU.ActiveCfg = Debug|Any CPU
		{862D4983-D3B3-4EE0-892B-FEA73C7A23B5}.Debug|Any CPU.Build.0 = Debug|Any CPU
		{862D4983-D3B3-4EE0-892B-FEA73C7A23B5}.Release|Any CPU.ActiveCfg = Release|Any CPU
		{862D4983-D3B3-4EE0-892B-FEA73C7A23B5}.Release|Any CPU.Build.0 = Release|Any CPU
	EndGlobalSection
	GlobalSection(SolutionProperties) = preSolution
		HideSolutionNode = FALSE
	EndGlobalSection
EndGlobal
